
Microsoft Visual Studio Solution File, Format Version 12.00
# Visual Studio 2013
VisualStudioVersion = 12.0.30501.0
MinimumVisualStudioVersion = 10.0.40219.1
Project("{FAE04EC0-301F-11D3-BF4B-00C04F79EFBC}") = "Bnk.Log.Monitor", "Bnk.Log.Monitor\Bnk.Log.Monitor.csproj", "{78B93057-267C-467D-9EEE-9B51BC4D6DC0}"
EndProject
Project("{FAE04EC0-301F-11D3-BF4B-00C04F79EFBC}") = "Bnk.ClientApplication", "Bnk.ClientApplication\Bnk.ClientApplication.csproj", "{8342892A-6022-4B83-8C2D-318368677E3E}"
EndProject
Global
	GlobalSection(SolutionConfigurationPlatforms) = preSolution
		Debug|Any CPU = Debug|Any CPU
		Release|Any CPU = Release|Any CPU
	EndGlobalSection
	GlobalSection(ProjectConfigurationPlatforms) = postSolution
		{78B93057-267C-467D-9EEE-9B51BC4D6DC0}.Debug|Any CPU.ActiveCfg = Debug|Any CPU
		{78B93057-267C-467D-9EEE-9B51BC4D6DC0}.Debug|Any CPU.Build.0 = Debug|Any CPU
		{78B93057-267C-467D-9EEE-9B51BC4D6DC0}.Release|Any CPU.ActiveCfg = Release|Any CPU
		{78B93057-267C-467D-9EEE-9B51BC4D6DC0}.Release|Any CPU.Build.0 = Release|Any CPU
		{8342892A-6022-4B83-8C2D-318368677E3E}.Debug|Any CPU.ActiveCfg = Debug|Any CPU
		{8342892A-6022-4B83-8C2D-318368677E3E}.Debug|Any CPU.Build.0 = Debug|Any CPU
		{8342892A-6022-4B83-8C2D-318368677E3E}.Release|Any CPU.ActiveCfg = Release|Any CPU
		{8342892A-6022-4B83-8C2D-318368677E3E}.Release|Any CPU.Build.0 = Release|Any CPU
	EndGlobalSection
	GlobalSection(SolutionProperties) = preSolution
		HideSolutionNode = FALSE
	EndGlobalSection
EndGlobal
