
Microsoft Visual Studio Solution File, Format Version 12.00
# Visual Studio 14
VisualStudioVersion = 14.0.23107.0
MinimumVisualStudioVersion = 10.0.40219.1
Project("{FAE04EC0-301F-11D3-BF4B-00C04F79EFBC}") = "BnkApplication", "BnkApplication\BnkApplication.csproj", "{D45DE33C-BBE7-41FA-AFD1-EDC48E8CB018}"
EndProject
Project("{FAE04EC0-301F-11D3-BF4B-00C04F79EFBC}") = "BnkApplication.Tests", "BnkApplication.Tests\BnkApplication.Tests.csproj", "{55623D3D-FE9A-41AB-9799-45037FA4739C}"
EndProject
Global
	GlobalSection(SolutionConfigurationPlatforms) = preSolution
		Debug|Any CPU = Debug|Any CPU
		Release|Any CPU = Release|Any CPU
	EndGlobalSection
	GlobalSection(ProjectConfigurationPlatforms) = postSolution
		{D45DE33C-BBE7-41FA-AFD1-EDC48E8CB018}.Debug|Any CPU.ActiveCfg = Debug|Any CPU
		{D45DE33C-BBE7-41FA-AFD1-EDC48E8CB018}.Debug|Any CPU.Build.0 = Debug|Any CPU
		{D45DE33C-BBE7-41FA-AFD1-EDC48E8CB018}.Release|Any CPU.ActiveCfg = Release|Any CPU
		{D45DE33C-BBE7-41FA-AFD1-EDC48E8CB018}.Release|Any CPU.Build.0 = Release|Any CPU
		{55623D3D-FE9A-41AB-9799-45037FA4739C}.Debug|Any CPU.ActiveCfg = Debug|Any CPU
		{55623D3D-FE9A-41AB-9799-45037FA4739C}.Debug|Any CPU.Build.0 = Debug|Any CPU
		{55623D3D-FE9A-41AB-9799-45037FA4739C}.Release|Any CPU.ActiveCfg = Release|Any CPU
		{55623D3D-FE9A-41AB-9799-45037FA4739C}.Release|Any CPU.Build.0 = Release|Any CPU
	EndGlobalSection
	GlobalSection(SolutionProperties) = preSolution
		HideSolutionNode = FALSE
	EndGlobalSection
EndGlobal
